<?xml version="1.0" encoding="UTF-8" standalone="yes" ?>
<CodeBlocks_project_file>
	<FileVersion major="1" minor="6" />
	<Project>
		<Option title="INN371-Assignment1" />
		<Option pch_mode="2" />
		<Option compiler="gcc" />
		<Build>
			<Target title="Debug">
				<Option output="bin/Debug/INN371-Assignment1" prefix_auto="1" extension_auto="1" />
				<Option object_output="obj/Debug/" />
				<Option type="1" />
				<Option compiler="gcc" />
				<Option parameters="cities.txt roads.txt 400km" />
				<Compiler>
					<Add option="-g" />
					<Add directory="../INN371-Assignment1" />
				</Compiler>
			</Target>
			<Target title="Release">
				<Option output="bin/Release/INN371-Assignment1" prefix_auto="1" extension_auto="1" />
				<Option object_output="obj/Release/" />
				<Option type="1" />
				<Option compiler="gcc" />
				<Compiler>
					<Add option="-O2" />
					<Add directory="../INN371-Assignment1" />
				</Compiler>
				<Linker>
					<Add option="-s" />
				</Linker>
			</Target>
		</Build>
		<Compiler>
			<Add option="-Wall" />
			<Add option="-fexceptions" />
		</Compiler>
		<Unit filename="BankBranchDeployer.cpp" />
		<Unit filename="BankBranchDeployer.h" />
		<Unit filename="CityCombination.cpp" />
		<Unit filename="CityCombination.h" />
		<Unit filename="CityMap.cpp" />
		<Unit filename="CityMap.h" />
		<Unit filename="FileController.cpp" />
		<Unit filename="FileController.h" />
		<Unit filename="Node.cpp" />
		<Unit filename="Node.h" />
		<Unit filename="TestBankBranchDeployer.cpp" />
		<Unit filename="TestBankBranchDeployer.h" />
		<Unit filename="main.cpp" />
		<Extensions>
			<code_completion />
			<envvars />
			<debugger />
			<lib_finder disable_auto="1" />
		</Extensions>
	</Project>
</CodeBlocks_project_file>
